PODS:
  - beacons_flutter (0.0.1):
    - Flutter
  - Flutter (1.0.0)
  - integration_test (0.0.1):
    - Flutter

DEPENDENCIES:
  - beacons_flutter (from `.symlinks/plugins/beacons_flutter/ios`)
  - Flutter (from `Flutter`)
  - integration_test (from `.symlinks/plugins/integration_test/ios`)

EXTERNAL SOURCES:
  beacons_flutter:
    :path: ".symlinks/plugins/beacons_flutter/ios"
  Flutter:
    :path: Flutter
  integration_test:
    :path: ".symlinks/plugins/integration_test/ios"

SPEC CHECKSUMS:
  beacons_flutter: 63ae383fa190007c4cbd1579262faaf3997ae156
  Flutter: cabc95a1d2626b1b06e7179b784ebcf0c0cde467
  integration_test: 252f60fa39af5e17c3aa9899d35d908a0721b573

PODFILE CHECKSUM: 124d84b2f7afc790fa919f5fa94db8e1e877cd74

COCOAPODS: 1.16.2
