PODS:
  - beacons_flutter (0.0.1):
    - Flutter
  - Flutter (1.0.0)
  - integration_test (0.0.1):
    - Flutter

DEPENDENCIES:
  - beacons_flutter (from `.symlinks/plugins/beacons_flutter/ios`)
  - Flutter (from `Flutter`)
  - integration_test (from `.symlinks/plugins/integration_test/ios`)

EXTERNAL SOURCES:
  beacons_flutter:
    :path: ".symlinks/plugins/beacons_flutter/ios"
  Flutter:
    :path: Flutter
  integration_test:
    :path: ".symlinks/plugins/integration_test/ios"

SPEC CHECKSUMS:
  beacons_flutter: 2c1852c30ae18331959c4f95683ae00c088d8874
  Flutter: cabc95a1d2626b1b06e7179b784ebcf0c0cde467
  integration_test: 4a889634ef21a45d28d50d622cf412dc6d9f586e

PODFILE CHECKSUM: 124d84b2f7afc790fa919f5fa94db8e1e877cd74

COCOAPODS: 1.16.2
